
Microsoft Visual Studio Solution File, Format Version 12.00
# Visual Studio Version 17
VisualStudioVersion = 17.4.33122.133
MinimumVisualStudioVersion = 10.0.40219.1
Project("{9A19103F-16F7-4668-BE54-9A1E7A4F7556}") = "eCommerceShop", "eCommerceShop\eCommerceShop.csproj", "{BB27DA65-B785-4C63-A47A-D4C28482A79F}"
EndProject
Global
	GlobalSection(SolutionConfigurationPlatforms) = preSolution
		Debug|Any CPU = Debug|Any CPU
		Release|Any CPU = Release|Any CPU
	EndGlobalSection
	GlobalSection(ProjectConfigurationPlatforms) = postSolution
		{BB27DA65-B785-4C63-A47A-D4C28482A79F}.Debug|Any CPU.ActiveCfg = Debug|Any CPU
		{BB27DA65-B785-4C63-A47A-D4C28482A79F}.Debug|Any CPU.Build.0 = Debug|Any CPU
		{BB27DA65-B785-4C63-A47A-D4C28482A79F}.Release|Any CPU.ActiveCfg = Release|Any CPU
		{BB27DA65-B785-4C63-A47A-D4C28482A79F}.Release|Any CPU.Build.0 = Release|Any CPU
	EndGlobalSection
	GlobalSection(SolutionProperties) = preSolution
		HideSolutionNode = FALSE
	EndGlobalSection
	GlobalSection(ExtensibilityGlobals) = postSolution
		SolutionGuid = {4B7E6B7F-F61B-45FC-A45D-4EDAB6E90B47}
	EndGlobalSection
EndGlobal
